
Microsoft Visual Studio Solution File, Format Version 12.00
# Visual Studio Version 16
VisualStudioVersion = 16.0.30523.141
MinimumVisualStudioVersion = 10.0.40219.1
Project("{888888A0-9F3D-457C-B088-3A5042F75D52}") = "TicketsManagement", "TicketsManagement\TicketsManagement.pyproj", "{C052A615-2BCE-4747-BC0B-324F1AE6548D}"
EndProject
Global
	GlobalSection(SolutionConfigurationPlatforms) = preSolution
		Debug|Any CPU = Debug|Any CPU
		Release|Any CPU = Release|Any CPU
	EndGlobalSection
	GlobalSection(ProjectConfigurationPlatforms) = postSolution
		{C052A615-2BCE-4747-BC0B-324F1AE6548D}.Debug|Any CPU.ActiveCfg = Debug|Any CPU
		{C052A615-2BCE-4747-BC0B-324F1AE6548D}.Debug|Any CPU.Build.0 = Debug|Any CPU
		{C052A615-2BCE-4747-BC0B-324F1AE6548D}.Release|Any CPU.ActiveCfg = Release|Any CPU
		{C052A615-2BCE-4747-BC0B-324F1AE6548D}.Release|Any CPU.Build.0 = Release|Any CPU
	EndGlobalSection
	GlobalSection(SolutionProperties) = preSolution
		HideSolutionNode = FALSE
	EndGlobalSection
	GlobalSection(ExtensibilityGlobals) = postSolution
		SolutionGuid = {0F2AF557-1114-468D-AF26-446FCF2752F6}
	EndGlobalSection
EndGlobal
